// !$*UTF8*$!
{
	archiveVersion = 1;
	classes = {
	};
	objectVersion = 56;
	objects = {

/* Begin PBXBuildFile section */
		651DCECA297CC3B40043267D /* AppDelegate.swift in Sources */ = {isa = PBXBuildFile; fileRef = 651DCEC9297CC3B40043267D /* AppDelegate.swift */; };
		651DCECC297CC3B40043267D /* SceneDelegate.swift in Sources */ = {isa = PBXBuildFile; fileRef = 651DCECB297CC3B40043267D /* SceneDelegate.swift */; };
		651DCECE297CC3B40043267D /* HomeViewController.swift in Sources */ = {isa = PBXBuildFile; fileRef = 651DCECD297CC3B40043267D /* HomeViewController.swift */; };
		651DCED1297CC3B40043267D /* Main.storyboard in Resources */ = {isa = PBXBuildFile; fileRef = 651DCECF297CC3B40043267D /* Main.storyboard */; };
		651DCED3297CC3B60043267D /* Assets.xcassets in Resources */ = {isa = PBXBuildFile; fileRef = 651DCED2297CC3B60043267D /* Assets.xcassets */; };
		651DCED6297CC3B60043267D /* LaunchScreen.storyboard in Resources */ = {isa = PBXBuildFile; fileRef = 651DCED4297CC3B60043267D /* LaunchScreen.storyboard */; };
		651DCEE5297CDA860043267D /* Board.swift in Sources */ = {isa = PBXBuildFile; fileRef = 651DCEE4297CDA860043267D /* Board.swift */; };
		651DCEE7297CDAA40043267D /* ViewAssets.swift in Sources */ = {isa = PBXBuildFile; fileRef = 651DCEE6297CDAA40043267D /* ViewAssets.swift */; };
		651DCEEE297CE6460043267D /* Alerts.swift in Sources */ = {isa = PBXBuildFile; fileRef = 651DCEE9297CE6450043267D /* Alerts.swift */; };
		651DCEEF297CE6460043267D /* AppTimer.swift in Sources */ = {isa = PBXBuildFile; fileRef = 651DCEEA297CE6450043267D /* AppTimer.swift */; };
		651DCEF0297CE6460043267D /* ViewControllerLogger.swift in Sources */ = {isa = PBXBuildFile; fileRef = 651DCEEB297CE6460043267D /* ViewControllerLogger.swift */; };
		651DCEF1297CE6460043267D /* ErrorExtensions.swift in Sources */ = {isa = PBXBuildFile; fileRef = 651DCEEC297CE6460043267D /* ErrorExtensions.swift */; };
		651DCEF2297CE6460043267D /* TableViewControllerLogger.swift in Sources */ = {isa = PBXBuildFile; fileRef = 651DCEED297CE6460043267D /* TableViewControllerLogger.swift */; };
		651DCEF3297CE6700043267D /* Info.plist in Resources */ = {isa = PBXBuildFile; fileRef = 651DCED7297CC3B60043267D /* Info.plist */; };
		65A91C36297D4FEE004E8C7A /* CellView.swift in Sources */ = {isa = PBXBuildFile; fileRef = 65A91C35297D4FEE004E8C7A /* CellView.swift */; };
		65B096CE297CEFC7009489BB /* ModeLogic.swift in Sources */ = {isa = PBXBuildFile; fileRef = 65B096CD297CEFC7009489BB /* ModeLogic.swift */; };
		65E5A611297D5AE60054A48F /* Turn.swift in Sources */ = {isa = PBXBuildFile; fileRef = 65E5A610297D5AE60054A48F /* Turn.swift */; };
		65E5A613297D7ED10054A48F /* BoardFunctions.swift in Sources */ = {isa = PBXBuildFile; fileRef = 65E5A612297D7ED10054A48F /* BoardFunctions.swift */; };
		65E5A614297D7F510054A48F /* Konnekt4.app in Resources */ = {isa = PBXBuildFile; fileRef = 651DCEC6297CC3B40043267D /* Konnekt4.app */; };
		6835C4C8EE01C3B58CED270F /* Pods_ConnectFour.framework in Frameworks */ = {isa = PBXBuildFile; fileRef = B475D54AAF5D6C75B4FABBC7 /* Pods_ConnectFour.framework */; };
/* End PBXBuildFile section */

/* Begin PBXFileReference section */
		06445BA7D3B0EBE89FAB9C8A /* Pods-ConnectFour.debug.xcconfig */ = {isa = PBXFileReference; includeInIndex = 1; lastKnownFileType = text.xcconfig; name = "Pods-ConnectFour.debug.xcconfig"; path = "Target Support Files/Pods-ConnectFour/Pods-ConnectFour.debug.xcconfig"; sourceTree = "<group>"; };
		651DCEC6297CC3B40043267D /* Konnekt4.app */ = {isa = PBXFileReference; explicitFileType = wrapper.application; includeInIndex = 0; path = Konnekt4.app; sourceTree = BUILT_PRODUCTS_DIR; };
		651DCEC9297CC3B40043267D /* AppDelegate.swift */ = {isa = PBXFileReference; lastKnownFileType = sourcecode.swift; path = AppDelegate.swift; sourceTree = "<group>"; };
		651DCECB297CC3B40043267D /* SceneDelegate.swift */ = {isa = PBXFileReference; lastKnownFileType = sourcecode.swift; path = SceneDelegate.swift; sourceTree = "<group>"; };
		651DCECD297CC3B40043267D /* HomeViewController.swift */ = {isa = PBXFileReference; lastKnownFileType = sourcecode.swift; path = HomeViewController.swift; sourceTree = "<group>"; };
		651DCED0297CC3B40043267D /* Base */ = {isa = PBXFileReference; lastKnownFileType = file.storyboard; name = Base; path = Base.lproj/Main.storyboard; sourceTree = "<group>"; };
		651DCED2297CC3B60043267D /* Assets.xcassets */ = {isa = PBXFileReference; lastKnownFileType = folder.assetcatalog; path = Assets.xcassets; sourceTree = "<group>"; };
		651DCED5297CC3B60043267D /* Base */ = {isa = PBXFileReference; lastKnownFileType = file.storyboard; name = Base; path = Base.lproj/LaunchScreen.storyboard; sourceTree = "<group>"; };
		651DCED7297CC3B60043267D /* Info.plist */ = {isa = PBXFileReference; lastKnownFileType = text.plist.xml; path = Info.plist; sourceTree = "<group>"; };
		651DCEE4297CDA860043267D /* Board.swift */ = {isa = PBXFileReference; lastKnownFileType = sourcecode.swift; path = Board.swift; sourceTree = "<group>"; };
		651DCEE6297CDAA40043267D /* ViewAssets.swift */ = {isa = PBXFileReference; lastKnownFileType = sourcecode.swift; path = ViewAssets.swift; sourceTree = "<group>"; };
		651DCEE9297CE6450043267D /* Alerts.swift */ = {isa = PBXFileReference; fileEncoding = 4; lastKnownFileType = sourcecode.swift; path = Alerts.swift; sourceTree = "<group>"; };
		651DCEEA297CE6450043267D /* AppTimer.swift */ = {isa = PBXFileReference; fileEncoding = 4; lastKnownFileType = sourcecode.swift; path = AppTimer.swift; sourceTree = "<group>"; };
		651DCEEB297CE6460043267D /* ViewControllerLogger.swift */ = {isa = PBXFileReference; fileEncoding = 4; lastKnownFileType = sourcecode.swift; path = ViewControllerLogger.swift; sourceTree = "<group>"; };
		651DCEEC297CE6460043267D /* ErrorExtensions.swift */ = {isa = PBXFileReference; fileEncoding = 4; lastKnownFileType = sourcecode.swift; path = ErrorExtensions.swift; sourceTree = "<group>"; };
		651DCEED297CE6460043267D /* TableViewControllerLogger.swift */ = {isa = PBXFileReference; fileEncoding = 4; lastKnownFileType = sourcecode.swift; path = TableViewControllerLogger.swift; sourceTree = "<group>"; };
		65A91C35297D4FEE004E8C7A /* CellView.swift */ = {isa = PBXFileReference; lastKnownFileType = sourcecode.swift; path = CellView.swift; sourceTree = "<group>"; };
		65B096CD297CEFC7009489BB /* ModeLogic.swift */ = {isa = PBXFileReference; lastKnownFileType = sourcecode.swift; path = ModeLogic.swift; sourceTree = "<group>"; };
		65E5A610297D5AE60054A48F /* Turn.swift */ = {isa = PBXFileReference; lastKnownFileType = sourcecode.swift; path = Turn.swift; sourceTree = "<group>"; };
		65E5A612297D7ED10054A48F /* BoardFunctions.swift */ = {isa = PBXFileReference; lastKnownFileType = sourcecode.swift; path = BoardFunctions.swift; sourceTree = "<group>"; };
		81A557C3BBE7E0ACED722467 /* Pods-ConnectFour.release.xcconfig */ = {isa = PBXFileReference; includeInIndex = 1; lastKnownFileType = text.xcconfig; name = "Pods-ConnectFour.release.xcconfig"; path = "Target Support Files/Pods-ConnectFour/Pods-ConnectFour.release.xcconfig"; sourceTree = "<group>"; };
		B475D54AAF5D6C75B4FABBC7 /* Pods_ConnectFour.framework */ = {isa = PBXFileReference; explicitFileType = wrapper.framework; includeInIndex = 0; path = Pods_ConnectFour.framework; sourceTree = BUILT_PRODUCTS_DIR; };
/* End PBXFileReference section */

/* Begin PBXFrameworksBuildPhase section */
		651DCEC3297CC3B40043267D /* Frameworks */ = {
			isa = PBXFrameworksBuildPhase;
			buildActionMask = 2147483647;
			files = (
				6835C4C8EE01C3B58CED270F /* Pods_ConnectFour.framework in Frameworks */,
			);
			runOnlyForDeploymentPostprocessing = 0;
		};
/* End PBXFrameworksBuildPhase section */

/* Begin PBXGroup section */
		3D734CF35F803A1CF1DDD2AA /* Frameworks */ = {
			isa = PBXGroup;
			children = (
				B475D54AAF5D6C75B4FABBC7 /* Pods_ConnectFour.framework */,
			);
			name = Frameworks;
			sourceTree = "<group>";
		};
		651DCEBD297CC3B40043267D = {
			isa = PBXGroup;
			children = (
				651DCEC8297CC3B40043267D /* ConnectFour */,
				651DCEC7297CC3B40043267D /* Products */,
				A4194C050421EF0C691D5B3E /* Pods */,
				3D734CF35F803A1CF1DDD2AA /* Frameworks */,
			);
			sourceTree = "<group>";
		};
		651DCEC7297CC3B40043267D /* Products */ = {
			isa = PBXGroup;
			children = (
				651DCEC6297CC3B40043267D /* Konnekt4.app */,
			);
			name = Products;
			sourceTree = "<group>";
		};
		651DCEC8297CC3B40043267D /* ConnectFour */ = {
			isa = PBXGroup;
			children = (
				651DCED7297CC3B60043267D /* Info.plist */,
				651DCEDF297CD8C40043267D /* Controller */,
				651DCEE3297CDA5B0043267D /* Model */,
				651DCEE2297CD8EC0043267D /* Logic */,
				651DCEE1297CD8DE0043267D /* Assets */,
				651DCEE0297CD8D20043267D /* View */,
				651DCEDE297CD8B80043267D /* Title  */,
				651DCEDD297CD89F0043267D /* Board */,
				651DCEE8297CE6370043267D /* Extensions */,
			);
			path = ConnectFour;
			sourceTree = "<group>";
		};
		651DCEDD297CD89F0043267D /* Board */ = {
			isa = PBXGroup;
			children = (
				651DCEE4297CDA860043267D /* Board.swift */,
			);
			path = Board;
			sourceTree = "<group>";
		};
		651DCEDE297CD8B80043267D /* Title  */ = {
			isa = PBXGroup;
			children = (
			);
			path = "Title ";
			sourceTree = "<group>";
		};
		651DCEDF297CD8C40043267D /* Controller */ = {
			isa = PBXGroup;
			children = (
				651DCECD297CC3B40043267D /* HomeViewController.swift */,
			);
			path = Controller;
			sourceTree = "<group>";
		};
		651DCEE0297CD8D20043267D /* View */ = {
			isa = PBXGroup;
			children = (
				65A91C35297D4FEE004E8C7A /* CellView.swift */,
			);
			path = View;
			sourceTree = "<group>";
		};
		651DCEE1297CD8DE0043267D /* Assets */ = {
			isa = PBXGroup;
			children = (
				651DCEC9297CC3B40043267D /* AppDelegate.swift */,
				651DCECB297CC3B40043267D /* SceneDelegate.swift */,
				651DCECF297CC3B40043267D /* Main.storyboard */,
				651DCED2297CC3B60043267D /* Assets.xcassets */,
				651DCED4297CC3B60043267D /* LaunchScreen.storyboard */,
				651DCEE6297CDAA40043267D /* ViewAssets.swift */,
			);
			path = Assets;
			sourceTree = "<group>";
		};
		651DCEE2297CD8EC0043267D /* Logic */ = {
			isa = PBXGroup;
			children = (
				65E5A612297D7ED10054A48F /* BoardFunctions.swift */,
				65B096CD297CEFC7009489BB /* ModeLogic.swift */,
				65E5A610297D5AE60054A48F /* Turn.swift */,
			);
			path = Logic;
			sourceTree = "<group>";
		};
		651DCEE3297CDA5B0043267D /* Model */ = {
			isa = PBXGroup;
			children = (
			);
			path = Model;
			sourceTree = "<group>";
		};
		651DCEE8297CE6370043267D /* Extensions */ = {
			isa = PBXGroup;
			children = (
				651DCEE9297CE6450043267D /* Alerts.swift */,
				651DCEEA297CE6450043267D /* AppTimer.swift */,
				651DCEEC297CE6460043267D /* ErrorExtensions.swift */,
				651DCEED297CE6460043267D /* TableViewControllerLogger.swift */,
				651DCEEB297CE6460043267D /* ViewControllerLogger.swift */,
			);
			path = Extensions;
			sourceTree = "<group>";
		};
		A4194C050421EF0C691D5B3E /* Pods */ = {
			isa = PBXGroup;
			children = (
				06445BA7D3B0EBE89FAB9C8A /* Pods-ConnectFour.debug.xcconfig */,
				81A557C3BBE7E0ACED722467 /* Pods-ConnectFour.release.xcconfig */,
			);
			path = Pods;
			sourceTree = "<group>";
		};
/* End PBXGroup section */

/* Begin PBXNativeTarget section */
		651DCEC5297CC3B40043267D /* Konnekt4 */ = {
			isa = PBXNativeTarget;
			buildConfigurationList = 651DCEDA297CC3B60043267D /* Build configuration list for PBXNativeTarget "Konnekt4" */;
			buildPhases = (
				91FD84980B4EA863BB90FFED /* [CP] Check Pods Manifest.lock */,
				651DCEC2297CC3B40043267D /* Sources */,
				651DCEC3297CC3B40043267D /* Frameworks */,
				651DCEC4297CC3B40043267D /* Resources */,
			);
			buildRules = (
			);
			dependencies = (
			);
			name = Konnekt4;
			productName = ConnectFour;
			productReference = 651DCEC6297CC3B40043267D /* Konnekt4.app */;
			productType = "com.apple.product-type.application";
		};
/* End PBXNativeTarget section */

/* Begin PBXProject section */
		651DCEBE297CC3B40043267D /* Project object */ = {
			isa = PBXProject;
			attributes = {
				BuildIndependentTargetsInParallel = 1;
				LastSwiftUpdateCheck = 1420;
				LastUpgradeCheck = 1420;
				TargetAttributes = {
					651DCEC5297CC3B40043267D = {
						CreatedOnToolsVersion = 14.2;
					};
				};
			};
			buildConfigurationList = 651DCEC1297CC3B40043267D /* Build configuration list for PBXProject "Konnekt4" */;
			compatibilityVersion = "Xcode 14.0";
			developmentRegion = en;
			hasScannedForEncodings = 0;
			knownRegions = (
				en,
				Base,
			);
			mainGroup = 651DCEBD297CC3B40043267D;
			productRefGroup = 651DCEC7297CC3B40043267D /* Products */;
			projectDirPath = "";
			projectRoot = "";
			targets = (
				651DCEC5297CC3B40043267D /* Konnekt4 */,
			);
		};
/* End PBXProject section */

/* Begin PBXResourcesBuildPhase section */
		651DCEC4297CC3B40043267D /* Resources */ = {
			isa = PBXResourcesBuildPhase;
			buildActionMask = 2147483647;
			files = (
				651DCEF3297CE6700043267D /* Info.plist in Resources */,
				651DCED6297CC3B60043267D /* LaunchScreen.storyboard in Resources */,
				651DCED3297CC3B60043267D /* Assets.xcassets in Resources */,
				651DCED1297CC3B40043267D /* Main.storyboard in Resources */,
				65E5A614297D7F510054A48F /* Konnekt4.app in Resources */,
			);
			runOnlyForDeploymentPostprocessing = 0;
		};
/* End PBXResourcesBuildPhase section */

/* Begin PBXShellScriptBuildPhase section */
		91FD84980B4EA863BB90FFED /* [CP] Check Pods Manifest.lock */ = {
			isa = PBXShellScriptBuildPhase;
			buildActionMask = 2147483647;
			files = (
			);
			inputFileListPaths = (
			);
			inputPaths = (
				"${PODS_PODFILE_DIR_PATH}/Podfile.lock",
				"${PODS_ROOT}/Manifest.lock",
			);
			name = "[CP] Check Pods Manifest.lock";
			outputFileListPaths = (
			);
			outputPaths = (
				"$(DERIVED_FILE_DIR)/Pods-ConnectFour-checkManifestLockResult.txt",
			);
			runOnlyForDeploymentPostprocessing = 0;
			shellPath = /bin/sh;
			shellScript = "diff \"${PODS_PODFILE_DIR_PATH}/Podfile.lock\" \"${PODS_ROOT}/Manifest.lock\" > /dev/null\nif [ $? != 0 ] ; then\n    # print error to STDERR\n    echo \"error: The sandbox is not in sync with the Podfile.lock. Run 'pod install' or update your CocoaPods installation.\" >&2\n    exit 1\nfi\n# This output is used by Xcode 'outputs' to avoid re-running this script phase.\necho \"SUCCESS\" > \"${SCRIPT_OUTPUT_FILE_0}\"\n";
			showEnvVarsInLog = 0;
		};
/* End PBXShellScriptBuildPhase section */

/* Begin PBXSourcesBuildPhase section */
		651DCEC2297CC3B40043267D /* Sources */ = {
			isa = PBXSourcesBuildPhase;
			buildActionMask = 2147483647;
			files = (
				651DCEE7297CDAA40043267D /* ViewAssets.swift in Sources */,
				65B096CE297CEFC7009489BB /* ModeLogic.swift in Sources */,
				651DCEEF297CE6460043267D /* AppTimer.swift in Sources */,
				651DCECE297CC3B40043267D /* HomeViewController.swift in Sources */,
				651DCECA297CC3B40043267D /* AppDelegate.swift in Sources */,
				65E5A611297D5AE60054A48F /* Turn.swift in Sources */,
				651DCEF0297CE6460043267D /* ViewControllerLogger.swift in Sources */,
				651DCEE5297CDA860043267D /* Board.swift in Sources */,
				65A91C36297D4FEE004E8C7A /* CellView.swift in Sources */,
				651DCEEE297CE6460043267D /* Alerts.swift in Sources */,
				65E5A613297D7ED10054A48F /* BoardFunctions.swift in Sources */,
				651DCEF2297CE6460043267D /* TableViewControllerLogger.swift in Sources */,
				651DCECC297CC3B40043267D /* SceneDelegate.swift in Sources */,
				651DCEF1297CE6460043267D /* ErrorExtensions.swift in Sources */,
			);
			runOnlyForDeploymentPostprocessing = 0;
		};
/* End PBXSourcesBuildPhase section */

/* Begin PBXVariantGroup section */
		651DCECF297CC3B40043267D /* Main.storyboard */ = {
			isa = PBXVariantGroup;
			children = (
				651DCED0297CC3B40043267D /* Base */,
			);
			name = Main.storyboard;
			sourceTree = "<group>";
		};
		651DCED4297CC3B60043267D /* LaunchScreen.storyboard */ = {
			isa = PBXVariantGroup;
			children = (
				651DCED5297CC3B60043267D /* Base */,
			);
			name = LaunchScreen.storyboard;
			sourceTree = "<group>";
		};
/* End PBXVariantGroup section */

/* Begin XCBuildConfiguration section */
		651DCED8297CC3B60043267D /* Debug */ = {
			isa = XCBuildConfiguration;
			buildSettings = {
				ALWAYS_SEARCH_USER_PATHS = NO;
				CLANG_ANALYZER_NONNULL = YES;
				CLANG_ANALYZER_NUMBER_OBJECT_CONVERSION = YES_AGGRESSIVE;
				CLANG_CXX_LANGUAGE_STANDARD = "gnu++20";
				CLANG_ENABLE_MODULES = YES;
				CLANG_ENABLE_OBJC_ARC = YES;
				CLANG_ENABLE_OBJC_WEAK = YES;
				CLANG_WARN_BLOCK_CAPTURE_AUTORELEASING = YES;
				CLANG_WARN_BOOL_CONVERSION = YES;
				CLANG_WARN_COMMA = YES;
				CLANG_WARN_CONSTANT_CONVERSION = YES;
				CLANG_WARN_DEPRECATED_OBJC_IMPLEMENTATIONS = YES;
				CLANG_WARN_DIRECT_OBJC_ISA_USAGE = YES_ERROR;
				CLANG_WARN_DOCUMENTATION_COMMENTS = YES;
				CLANG_WARN_EMPTY_BODY = YES;
				CLANG_WARN_ENUM_CONVERSION = YES;
				CLANG_WARN_INFINITE_RECURSION = YES;
				CLANG_WARN_INT_CONVERSION = YES;
				CLANG_WARN_NON_LITERAL_NULL_CONVERSION = YES;
				CLANG_WARN_OBJC_IMPLICIT_RETAIN_SELF = YES;
				CLANG_WARN_OBJC_LITERAL_CONVERSION = YES;
				CLANG_WARN_OBJC_ROOT_CLASS = YES_ERROR;
				CLANG_WARN_QUOTED_INCLUDE_IN_FRAMEWORK_HEADER = YES;
				CLANG_WARN_RANGE_LOOP_ANALYSIS = YES;
				CLANG_WARN_STRICT_PROTOTYPES = YES;
				CLANG_WARN_SUSPICIOUS_MOVE = YES;
				CLANG_WARN_UNGUARDED_AVAILABILITY = YES_AGGRESSIVE;
				CLANG_WARN_UNREACHABLE_CODE = YES;
				CLANG_WARN__DUPLICATE_METHOD_MATCH = YES;
				COPY_PHASE_STRIP = NO;
				DEBUG_INFORMATION_FORMAT = dwarf;
				ENABLE_STRICT_OBJC_MSGSEND = YES;
				ENABLE_TESTABILITY = YES;
				GCC_C_LANGUAGE_STANDARD = gnu11;
				GCC_DYNAMIC_NO_PIC = NO;
				GCC_NO_COMMON_BLOCKS = YES;
				GCC_OPTIMIZATION_LEVEL = 0;
				GCC_PREPROCESSOR_DEFINITIONS = (
					"DEBUG=1",
					"$(inherited)",
				);
				GCC_WARN_64_TO_32_BIT_CONVERSION = YES;
				GCC_WARN_ABOUT_RETURN_TYPE = YES_ERROR;
				GCC_WARN_UNDECLARED_SELECTOR = YES;
				GCC_WARN_UNINITIALIZED_AUTOS = YES_AGGRESSIVE;
				GCC_WARN_UNUSED_FUNCTION = YES;
				GCC_WARN_UNUSED_VARIABLE = YES;
				IPHONEOS_DEPLOYMENT_TARGET = 16.2;
				MTL_ENABLE_DEBUG_INFO = INCLUDE_SOURCE;
				MTL_FAST_MATH = YES;
				ONLY_ACTIVE_ARCH = YES;
				SDKROOT = iphoneos;
				SWIFT_ACTIVE_COMPILATION_CONDITIONS = DEBUG;
				SWIFT_OPTIMIZATION_LEVEL = "-Onone";
			};
			name = Debug;
		};
		651DCED9297CC3B60043267D /* Release */ = {
			isa = XCBuildConfiguration;
			buildSettings = {
				ALWAYS_SEARCH_USER_PATHS = NO;
				CLANG_ANALYZER_NONNULL = YES;
				CLANG_ANALYZER_NUMBER_OBJECT_CONVERSION = YES_AGGRESSIVE;
				CLANG_CXX_LANGUAGE_STANDARD = "gnu++20";
				CLANG_ENABLE_MODULES = YES;
				CLANG_ENABLE_OBJC_ARC = YES;
				CLANG_ENABLE_OBJC_WEAK = YES;
				CLANG_WARN_BLOCK_CAPTURE_AUTORELEASING = YES;
				CLANG_WARN_BOOL_CONVERSION = YES;
				CLANG_WARN_COMMA = YES;
				CLANG_WARN_CONSTANT_CONVERSION = YES;
				CLANG_WARN_DEPRECATED_OBJC_IMPLEMENTATIONS = YES;
				CLANG_WARN_DIRECT_OBJC_ISA_USAGE = YES_ERROR;
				CLANG_WARN_DOCUMENTATION_COMMENTS = YES;
				CLANG_WARN_EMPTY_BODY = YES;
				CLANG_WARN_ENUM_CONVERSION = YES;
				CLANG_WARN_INFINITE_RECURSION = YES;
				CLANG_WARN_INT_CONVERSION = YES;
				CLANG_WARN_NON_LITERAL_NULL_CONVERSION = YES;
				CLANG_WARN_OBJC_IMPLICIT_RETAIN_SELF = YES;
				CLANG_WARN_OBJC_LITERAL_CONVERSION = YES;
				CLANG_WARN_OBJC_ROOT_CLASS = YES_ERROR;
				CLANG_WARN_QUOTED_INCLUDE_IN_FRAMEWORK_HEADER = YES;
				CLANG_WARN_RANGE_LOOP_ANALYSIS = YES;
				CLANG_WARN_STRICT_PROTOTYPES = YES;
				CLANG_WARN_SUSPICIOUS_MOVE = YES;
				CLANG_WARN_UNGUARDED_AVAILABILITY = YES_AGGRESSIVE;
				CLANG_WARN_UNREACHABLE_CODE = YES;
				CLANG_WARN__DUPLICATE_METHOD_MATCH = YES;
				COPY_PHASE_STRIP = NO;
				DEBUG_INFORMATION_FORMAT = "dwarf-with-dsym";
				ENABLE_NS_ASSERTIONS = NO;
				ENABLE_STRICT_OBJC_MSGSEND = YES;
				GCC_C_LANGUAGE_STANDARD = gnu11;
				GCC_NO_COMMON_BLOCKS = YES;
				GCC_WARN_64_TO_32_BIT_CONVERSION = YES;
				GCC_WARN_ABOUT_RETURN_TYPE = YES_ERROR;
				GCC_WARN_UNDECLARED_SELECTOR = YES;
				GCC_WARN_UNINITIALIZED_AUTOS = YES_AGGRESSIVE;
				GCC_WARN_UNUSED_FUNCTION = YES;
				GCC_WARN_UNUSED_VARIABLE = YES;
				IPHONEOS_DEPLOYMENT_TARGET = 16.2;
				MTL_ENABLE_DEBUG_INFO = NO;
				MTL_FAST_MATH = YES;
				SDKROOT = iphoneos;
				SWIFT_COMPILATION_MODE = wholemodule;
				SWIFT_OPTIMIZATION_LEVEL = "-O";
				VALIDATE_PRODUCT = YES;
			};
			name = Release;
		};
		651DCEDB297CC3B60043267D /* Debug */ = {
			isa = XCBuildConfiguration;
			baseConfigurationReference = 06445BA7D3B0EBE89FAB9C8A /* Pods-ConnectFour.debug.xcconfig */;
			buildSettings = {
				ASSETCATALOG_COMPILER_APPICON_NAME = AppIcon;
				ASSETCATALOG_COMPILER_GLOBAL_ACCENT_COLOR_NAME = AccentColor;
				CODE_SIGN_STYLE = Automatic;
				CURRENT_PROJECT_VERSION = 1;
				DEVELOPMENT_TEAM = PCTB5RL5K6;
				GENERATE_INFOPLIST_FILE = YES;
				INFOPLIST_FILE = ConnectFour/Info.plist;
				INFOPLIST_KEY_UIApplicationSupportsIndirectInputEvents = YES;
				INFOPLIST_KEY_UILaunchStoryboardName = LaunchScreen;
				INFOPLIST_KEY_UIMainStoryboardFile = Main;
				INFOPLIST_KEY_UISupportedInterfaceOrientations_iPad = "UIInterfaceOrientationPortrait UIInterfaceOrientationPortraitUpsideDown UIInterfaceOrientationLandscapeLeft UIInterfaceOrientationLandscapeRight";
				INFOPLIST_KEY_UISupportedInterfaceOrientations_iPhone = "UIInterfaceOrientationPortrait UIInterfaceOrientationLandscapeLeft UIInterfaceOrientationLandscapeRight";
				LD_RUNPATH_SEARCH_PATHS = (
					"$(inherited)",
					"@executable_path/Frameworks",
				);
				MARKETING_VERSION = 1.0;
				PRODUCT_BUNDLE_IDENTIFIER = nobodylikesme.Konnek4;
				PRODUCT_NAME = "$(TARGET_NAME)";
				SWIFT_EMIT_LOC_STRINGS = YES;
				SWIFT_VERSION = 5.0;
				TARGETED_DEVICE_FAMILY = "1,2";
			};
			name = Debug;
		};
		651DCEDC297CC3B60043267D /* Release */ = {
			isa = XCBuildConfiguration;
			baseConfigurationReference = 81A557C3BBE7E0ACED722467 /* Pods-ConnectFour.release.xcconfig */;
			buildSettings = {
				ASSETCATALOG_COMPILER_APPICON_NAME = AppIcon;
				ASSETCATALOG_COMPILER_GLOBAL_ACCENT_COLOR_NAME = AccentColor;
				CODE_SIGN_STYLE = Automatic;
				CURRENT_PROJECT_VERSION = 1;
				DEVELOPMENT_TEAM = PCTB5RL5K6;
				GENERATE_INFOPLIST_FILE = YES;
				INFOPLIST_FILE = ConnectFour/Info.plist;
				INFOPLIST_KEY_UIApplicationSupportsIndirectInputEvents = YES;
				INFOPLIST_KEY_UILaunchStoryboardName = LaunchScreen;
				INFOPLIST_KEY_UIMainStoryboardFile = Main;
				INFOPLIST_KEY_UISupportedInterfaceOrientations_iPad = "UIInterfaceOrientationPortrait UIInterfaceOrientationPortraitUpsideDown UIInterfaceOrientationLandscapeLeft UIInterfaceOrientationLandscapeRight";
				INFOPLIST_KEY_UISupportedInterfaceOrientations_iPhone = "UIInterfaceOrientationPortrait UIInterfaceOrientationLandscapeLeft UIInterfaceOrientationLandscapeRight";
				LD_RUNPATH_SEARCH_PATHS = (
					"$(inherited)",
					"@executable_path/Frameworks",
				);
				MARKETING_VERSION = 1.0;
				PRODUCT_BUNDLE_IDENTIFIER = nobodylikesme.Konnek4;
				PRODUCT_NAME = "$(TARGET_NAME)";
				SWIFT_EMIT_LOC_STRINGS = YES;
				SWIFT_VERSION = 5.0;
				TARGETED_DEVICE_FAMILY = "1,2";
			};
			name = Release;
		};
/* End XCBuildConfiguration section */

/* Begin XCConfigurationList section */
		651DCEC1297CC3B40043267D /* Build configuration list for PBXProject "Konnekt4" */ = {
			isa = XCConfigurationList;
			buildConfigurations = (
				651DCED8297CC3B60043267D /* Debug */,
				651DCED9297CC3B60043267D /* Release */,
			);
			defaultConfigurationIsVisible = 0;
			defaultConfigurationName = Release;
		};
		651DCEDA297CC3B60043267D /* Build configuration list for PBXNativeTarget "Konnekt4" */ = {
			isa = XCConfigurationList;
			buildConfigurations = (
				651DCEDB297CC3B60043267D /* Debug */,
				651DCEDC297CC3B60043267D /* Release */,
			);
			defaultConfigurationIsVisible = 0;
			defaultConfigurationName = Release;
		};
/* End XCConfigurationList section */
	};
	rootObject = 651DCEBE297CC3B40043267D /* Project object */;
}
